// !$*UTF8*$!
{
	archiveVersion = 1;
	classes = {
	};
	objectVersion = 50;
	objects = {

/* Begin PBXBuildFile section */
		B65FA42425202CC400E6A256 /* ColorModel.swift in Sources */ = {isa = PBXBuildFile; fileRef = B65FA42325202CC400E6A256 /* ColorModel.swift */; };
		B65FA426252040E700E6A256 /* HueCalculations.swift in Sources */ = {isa = PBXBuildFile; fileRef = B65FA425252040E700E6A256 /* HueCalculations.swift */; };
		B65FA428252084E200E6A256 /* SliderState.swift in Sources */ = {isa = PBXBuildFile; fileRef = B65FA427252084E200E6A256 /* SliderState.swift */; };
		B670C690251F15B0000D6C9A /* AppDelegate.swift in Sources */ = {isa = PBXBuildFile; fileRef = B670C68F251F15B0000D6C9A /* AppDelegate.swift */; };
		B670C692251F15B0000D6C9A /* SceneDelegate.swift in Sources */ = {isa = PBXBuildFile; fileRef = B670C691251F15B0000D6C9A /* SceneDelegate.swift */; };
		B670C697251F15B0000D6C9A /* Main.storyboard in Resources */ = {isa = PBXBuildFile; fileRef = B670C695251F15B0000D6C9A /* Main.storyboard */; };
		B670C699251F15B2000D6C9A /* Assets.xcassets in Resources */ = {isa = PBXBuildFile; fileRef = B670C698251F15B2000D6C9A /* Assets.xcassets */; };
		B670C69C251F15B2000D6C9A /* LaunchScreen.storyboard in Resources */ = {isa = PBXBuildFile; fileRef = B670C69A251F15B2000D6C9A /* LaunchScreen.storyboard */; };
		B670C6A7251F15B2000D6C9A /* Procreate_TestTests.swift in Sources */ = {isa = PBXBuildFile; fileRef = B670C6A6251F15B2000D6C9A /* Procreate_TestTests.swift */; };
		B670C6B7251F18C3000D6C9A /* SF in Resources */ = {isa = PBXBuildFile; fileRef = B670C6B6251F18C3000D6C9A /* SF */; };
		B670C6BA251F3DAD000D6C9A /* GradientSlider.swift in Sources */ = {isa = PBXBuildFile; fileRef = B670C6B9251F3DAD000D6C9A /* GradientSlider.swift */; };
		B670C6BC251F40E7000D6C9A /* ViewController.swift in Sources */ = {isa = PBXBuildFile; fileRef = B670C6BB251F40E7000D6C9A /* ViewController.swift */; };
		B670C6BF251F6A13000D6C9A /* RoundedView.swift in Sources */ = {isa = PBXBuildFile; fileRef = B670C6BE251F6A13000D6C9A /* RoundedView.swift */; };
		B670C6C2251F6C7C000D6C9A /* UIView.swift in Sources */ = {isa = PBXBuildFile; fileRef = B670C6C1251F6C7C000D6C9A /* UIView.swift */; };
/* End PBXBuildFile section */

/* Begin PBXContainerItemProxy section */
		B670C6A3251F15B2000D6C9A /* PBXContainerItemProxy */ = {
			isa = PBXContainerItemProxy;
			containerPortal = B670C684251F15B0000D6C9A /* Project object */;
			proxyType = 1;
			remoteGlobalIDString = B670C68B251F15B0000D6C9A;
			remoteInfo = "Procreate Test";
		};
/* End PBXContainerItemProxy section */

/* Begin PBXFileReference section */
		B65FA42325202CC400E6A256 /* ColorModel.swift */ = {isa = PBXFileReference; lastKnownFileType = sourcecode.swift; path = ColorModel.swift; sourceTree = "<group>"; };
		B65FA425252040E700E6A256 /* HueCalculations.swift */ = {isa = PBXFileReference; lastKnownFileType = sourcecode.swift; path = HueCalculations.swift; sourceTree = "<group>"; };
		B65FA427252084E200E6A256 /* SliderState.swift */ = {isa = PBXFileReference; lastKnownFileType = sourcecode.swift; path = SliderState.swift; sourceTree = "<group>"; };
		B670C68C251F15B0000D6C9A /* Procreate Test.app */ = {isa = PBXFileReference; explicitFileType = wrapper.application; includeInIndex = 0; path = "Procreate Test.app"; sourceTree = BUILT_PRODUCTS_DIR; };
		B670C68F251F15B0000D6C9A /* AppDelegate.swift */ = {isa = PBXFileReference; lastKnownFileType = sourcecode.swift; path = AppDelegate.swift; sourceTree = "<group>"; };
		B670C691251F15B0000D6C9A /* SceneDelegate.swift */ = {isa = PBXFileReference; lastKnownFileType = sourcecode.swift; path = SceneDelegate.swift; sourceTree = "<group>"; };
		B670C696251F15B0000D6C9A /* Base */ = {isa = PBXFileReference; lastKnownFileType = file.storyboard; name = Base; path = Base.lproj/Main.storyboard; sourceTree = "<group>"; };
		B670C698251F15B2000D6C9A /* Assets.xcassets */ = {isa = PBXFileReference; lastKnownFileType = folder.assetcatalog; path = Assets.xcassets; sourceTree = "<group>"; };
		B670C69B251F15B2000D6C9A /* Base */ = {isa = PBXFileReference; lastKnownFileType = file.storyboard; name = Base; path = Base.lproj/LaunchScreen.storyboard; sourceTree = "<group>"; };
		B670C69D251F15B2000D6C9A /* Info.plist */ = {isa = PBXFileReference; lastKnownFileType = text.plist.xml; path = Info.plist; sourceTree = "<group>"; };
		B670C6A2251F15B2000D6C9A /* Procreate TestTests.xctest */ = {isa = PBXFileReference; explicitFileType = wrapper.cfbundle; includeInIndex = 0; path = "Procreate TestTests.xctest"; sourceTree = BUILT_PRODUCTS_DIR; };
		B670C6A6251F15B2000D6C9A /* Procreate_TestTests.swift */ = {isa = PBXFileReference; lastKnownFileType = sourcecode.swift; path = Procreate_TestTests.swift; sourceTree = "<group>"; };
		B670C6A8251F15B2000D6C9A /* Info.plist */ = {isa = PBXFileReference; lastKnownFileType = text.plist.xml; path = Info.plist; sourceTree = "<group>"; };
		B670C6B6251F18C3000D6C9A /* SF */ = {isa = PBXFileReference; lastKnownFileType = folder; path = SF; sourceTree = "<group>"; };
		B670C6B9251F3DAD000D6C9A /* GradientSlider.swift */ = {isa = PBXFileReference; fileEncoding = 4; lastKnownFileType = sourcecode.swift; path = GradientSlider.swift; sourceTree = "<group>"; };
		B670C6BB251F40E7000D6C9A /* ViewController.swift */ = {isa = PBXFileReference; fileEncoding = 4; lastKnownFileType = sourcecode.swift; path = ViewController.swift; sourceTree = "<group>"; };
		B670C6BE251F6A13000D6C9A /* RoundedView.swift */ = {isa = PBXFileReference; lastKnownFileType = sourcecode.swift; path = RoundedView.swift; sourceTree = "<group>"; };
		B670C6C1251F6C7C000D6C9A /* UIView.swift */ = {isa = PBXFileReference; lastKnownFileType = sourcecode.swift; path = UIView.swift; sourceTree = "<group>"; };
/* End PBXFileReference section */

/* Begin PBXFrameworksBuildPhase section */
		B670C689251F15B0000D6C9A /* Frameworks */ = {
			isa = PBXFrameworksBuildPhase;
			buildActionMask = 2147483647;
			files = (
			);
			runOnlyForDeploymentPostprocessing = 0;
		};
		B670C69F251F15B2000D6C9A /* Frameworks */ = {
			isa = PBXFrameworksBuildPhase;
			buildActionMask = 2147483647;
			files = (
			);
			runOnlyForDeploymentPostprocessing = 0;
		};
/* End PBXFrameworksBuildPhase section */

/* Begin PBXGroup section */
		B670C683251F15B0000D6C9A = {
			isa = PBXGroup;
			children = (
				B670C68E251F15B0000D6C9A /* Procreate Test */,
				B670C6A5251F15B2000D6C9A /* Procreate TestTests */,
				B670C68D251F15B0000D6C9A /* Products */,
			);
			sourceTree = "<group>";
		};
		B670C68D251F15B0000D6C9A /* Products */ = {
			isa = PBXGroup;
			children = (
				B670C68C251F15B0000D6C9A /* Procreate Test.app */,
				B670C6A2251F15B2000D6C9A /* Procreate TestTests.xctest */,
			);
			name = Products;
			sourceTree = "<group>";
		};
		B670C68E251F15B0000D6C9A /* Procreate Test */ = {
			isa = PBXGroup;
			children = (
				B670C6C0251F6C60000D6C9A /* Extension */,
				B670C6B5251F18B6000D6C9A /* Fonts */,
				B670C6B2251F17DC000D6C9A /* Model */,
				B670C6B1251F17CD000D6C9A /* View */,
				B670C6B3251F17E7000D6C9A /* Controller */,
				B670C68F251F15B0000D6C9A /* AppDelegate.swift */,
				B670C691251F15B0000D6C9A /* SceneDelegate.swift */,
				B670C695251F15B0000D6C9A /* Main.storyboard */,
				B670C698251F15B2000D6C9A /* Assets.xcassets */,
				B670C69A251F15B2000D6C9A /* LaunchScreen.storyboard */,
				B670C69D251F15B2000D6C9A /* Info.plist */,
			);
			path = "Procreate Test";
			sourceTree = "<group>";
		};
		B670C6A5251F15B2000D6C9A /* Procreate TestTests */ = {
			isa = PBXGroup;
			children = (
				B670C6A6251F15B2000D6C9A /* Procreate_TestTests.swift */,
				B670C6A8251F15B2000D6C9A /* Info.plist */,
			);
			path = "Procreate TestTests";
			sourceTree = "<group>";
		};
		B670C6B1251F17CD000D6C9A /* View */ = {
			isa = PBXGroup;
			children = (
				B670C6B8251F3D9C000D6C9A /* Others */,
				B670C6BE251F6A13000D6C9A /* RoundedView.swift */,
			);
			path = View;
			sourceTree = "<group>";
		};
		B670C6B2251F17DC000D6C9A /* Model */ = {
			isa = PBXGroup;
			children = (
				B65FA42325202CC400E6A256 /* ColorModel.swift */,
				B65FA425252040E700E6A256 /* HueCalculations.swift */,
				B65FA427252084E200E6A256 /* SliderState.swift */,
			);
			path = Model;
			sourceTree = "<group>";
		};
		B670C6B3251F17E7000D6C9A /* Controller */ = {
			isa = PBXGroup;
			children = (
				B670C6BB251F40E7000D6C9A /* ViewController.swift */,
			);
			path = Controller;
			sourceTree = "<group>";
		};
		B670C6B5251F18B6000D6C9A /* Fonts */ = {
			isa = PBXGroup;
			children = (
				B670C6B6251F18C3000D6C9A /* SF */,
			);
			path = Fonts;
			sourceTree = "<group>";
		};
		B670C6B8251F3D9C000D6C9A /* Others */ = {
			isa = PBXGroup;
			children = (
				B670C6B9251F3DAD000D6C9A /* GradientSlider.swift */,
			);
			path = Others;
			sourceTree = "<group>";
		};
		B670C6C0251F6C60000D6C9A /* Extension */ = {
			isa = PBXGroup;
			children = (
				B670C6C1251F6C7C000D6C9A /* UIView.swift */,
			);
			path = Extension;
			sourceTree = "<group>";
		};
/* End PBXGroup section */

/* Begin PBXNativeTarget section */
		B670C68B251F15B0000D6C9A /* Procreate Test */ = {
			isa = PBXNativeTarget;
			buildConfigurationList = B670C6AB251F15B2000D6C9A /* Build configuration list for PBXNativeTarget "Procreate Test" */;
			buildPhases = (
				B670C688251F15B0000D6C9A /* Sources */,
				B670C689251F15B0000D6C9A /* Frameworks */,
				B670C68A251F15B0000D6C9A /* Resources */,
			);
			buildRules = (
			);
			dependencies = (
			);
			name = "Procreate Test";
			productName = "Procreate Test";
			productReference = B670C68C251F15B0000D6C9A /* Procreate Test.app */;
			productType = "com.apple.product-type.application";
		};
		B670C6A1251F15B2000D6C9A /* Procreate TestTests */ = {
			isa = PBXNativeTarget;
			buildConfigurationList = B670C6AE251F15B2000D6C9A /* Build configuration list for PBXNativeTarget "Procreate TestTests" */;
			buildPhases = (
				B670C69E251F15B2000D6C9A /* Sources */,
				B670C69F251F15B2000D6C9A /* Frameworks */,
				B670C6A0251F15B2000D6C9A /* Resources */,
			);
			buildRules = (
			);
			dependencies = (
				B670C6A4251F15B2000D6C9A /* PBXTargetDependency */,
			);
			name = "Procreate TestTests";
			productName = "Procreate TestTests";
			productReference = B670C6A2251F15B2000D6C9A /* Procreate TestTests.xctest */;
			productType = "com.apple.product-type.bundle.unit-test";
		};
/* End PBXNativeTarget section */

/* Begin PBXProject section */
		B670C684251F15B0000D6C9A /* Project object */ = {
			isa = PBXProject;
			attributes = {
				LastSwiftUpdateCheck = 1140;
				LastUpgradeCheck = 1140;
				ORGANIZATIONNAME = Kelvin;
				TargetAttributes = {
					B670C68B251F15B0000D6C9A = {
						CreatedOnToolsVersion = 11.4;
					};
					B670C6A1251F15B2000D6C9A = {
						CreatedOnToolsVersion = 11.4;
						TestTargetID = B670C68B251F15B0000D6C9A;
					};
				};
			};
			buildConfigurationList = B670C687251F15B0000D6C9A /* Build configuration list for PBXProject "Procreate Test" */;
			compatibilityVersion = "Xcode 9.3";
			developmentRegion = en;
			hasScannedForEncodings = 0;
			knownRegions = (
				en,
				Base,
			);
			mainGroup = B670C683251F15B0000D6C9A;
			productRefGroup = B670C68D251F15B0000D6C9A /* Products */;
			projectDirPath = "";
			projectRoot = "";
			targets = (
				B670C68B251F15B0000D6C9A /* Procreate Test */,
				B670C6A1251F15B2000D6C9A /* Procreate TestTests */,
			);
		};
/* End PBXProject section */

/* Begin PBXResourcesBuildPhase section */
		B670C68A251F15B0000D6C9A /* Resources */ = {
			isa = PBXResourcesBuildPhase;
			buildActionMask = 2147483647;
			files = (
				B670C69C251F15B2000D6C9A /* LaunchScreen.storyboard in Resources */,
				B670C699251F15B2000D6C9A /* Assets.xcassets in Resources */,
				B670C697251F15B0000D6C9A /* Main.storyboard in Resources */,
				B670C6B7251F18C3000D6C9A /* SF in Resources */,
			);
			runOnlyForDeploymentPostprocessing = 0;
		};
		B670C6A0251F15B2000D6C9A /* Resources */ = {
			isa = PBXResourcesBuildPhase;
			buildActionMask = 2147483647;
			files = (
			);
			runOnlyForDeploymentPostprocessing = 0;
		};
/* End PBXResourcesBuildPhase section */

/* Begin PBXSourcesBuildPhase section */
		B670C688251F15B0000D6C9A /* Sources */ = {
			isa = PBXSourcesBuildPhase;
			buildActionMask = 2147483647;
			files = (
				B670C6BA251F3DAD000D6C9A /* GradientSlider.swift in Sources */,
				B65FA42425202CC400E6A256 /* ColorModel.swift in Sources */,
				B670C690251F15B0000D6C9A /* AppDelegate.swift in Sources */,
				B65FA428252084E200E6A256 /* SliderState.swift in Sources */,
				B670C6C2251F6C7C000D6C9A /* UIView.swift in Sources */,
				B65FA426252040E700E6A256 /* HueCalculations.swift in Sources */,
				B670C6BC251F40E7000D6C9A /* ViewController.swift in Sources */,
				B670C6BF251F6A13000D6C9A /* RoundedView.swift in Sources */,
				B670C692251F15B0000D6C9A /* SceneDelegate.swift in Sources */,
			);
			runOnlyForDeploymentPostprocessing = 0;
		};
		B670C69E251F15B2000D6C9A /* Sources */ = {
			isa = PBXSourcesBuildPhase;
			buildActionMask = 2147483647;
			files = (
				B670C6A7251F15B2000D6C9A /* Procreate_TestTests.swift in Sources */,
			);
			runOnlyForDeploymentPostprocessing = 0;
		};
/* End PBXSourcesBuildPhase section */

/* Begin PBXTargetDependency section */
		B670C6A4251F15B2000D6C9A /* PBXTargetDependency */ = {
			isa = PBXTargetDependency;
			target = B670C68B251F15B0000D6C9A /* Procreate Test */;
			targetProxy = B670C6A3251F15B2000D6C9A /* PBXContainerItemProxy */;
		};
/* End PBXTargetDependency section */

/* Begin PBXVariantGroup section */
		B670C695251F15B0000D6C9A /* Main.storyboard */ = {
			isa = PBXVariantGroup;
			children = (
				B670C696251F15B0000D6C9A /* Base */,
			);
			name = Main.storyboard;
			sourceTree = "<group>";
		};
		B670C69A251F15B2000D6C9A /* LaunchScreen.storyboard */ = {
			isa = PBXVariantGroup;
			children = (
				B670C69B251F15B2000D6C9A /* Base */,
			);
			name = LaunchScreen.storyboard;
			sourceTree = "<group>";
		};
/* End PBXVariantGroup section */

/* Begin XCBuildConfiguration section */
		B670C6A9251F15B2000D6C9A /* Debug */ = {
			isa = XCBuildConfiguration;
			buildSettings = {
				ALWAYS_SEARCH_USER_PATHS = NO;
				CLANG_ANALYZER_NONNULL = YES;
				CLANG_ANALYZER_NUMBER_OBJECT_CONVERSION = YES_AGGRESSIVE;
				CLANG_CXX_LANGUAGE_STANDARD = "gnu++14";
				CLANG_CXX_LIBRARY = "libc++";
				CLANG_ENABLE_MODULES = YES;
				CLANG_ENABLE_OBJC_ARC = YES;
				CLANG_ENABLE_OBJC_WEAK = YES;
				CLANG_WARN_BLOCK_CAPTURE_AUTORELEASING = YES;
				CLANG_WARN_BOOL_CONVERSION = YES;
				CLANG_WARN_COMMA = YES;
				CLANG_WARN_CONSTANT_CONVERSION = YES;
				CLANG_WARN_DEPRECATED_OBJC_IMPLEMENTATIONS = YES;
				CLANG_WARN_DIRECT_OBJC_ISA_USAGE = YES_ERROR;
				CLANG_WARN_DOCUMENTATION_COMMENTS = YES;
				CLANG_WARN_EMPTY_BODY = YES;
				CLANG_WARN_ENUM_CONVERSION = YES;
				CLANG_WARN_INFINITE_RECURSION = YES;
				CLANG_WARN_INT_CONVERSION = YES;
				CLANG_WARN_NON_LITERAL_NULL_CONVERSION = YES;
				CLANG_WARN_OBJC_IMPLICIT_RETAIN_SELF = YES;
				CLANG_WARN_OBJC_LITERAL_CONVERSION = YES;
				CLANG_WARN_OBJC_ROOT_CLASS = YES_ERROR;
				CLANG_WARN_RANGE_LOOP_ANALYSIS = YES;
				CLANG_WARN_STRICT_PROTOTYPES = YES;
				CLANG_WARN_SUSPICIOUS_MOVE = YES;
				CLANG_WARN_UNGUARDED_AVAILABILITY = YES_AGGRESSIVE;
				CLANG_WARN_UNREACHABLE_CODE = YES;
				CLANG_WARN__DUPLICATE_METHOD_MATCH = YES;
				COPY_PHASE_STRIP = NO;
				DEBUG_INFORMATION_FORMAT = dwarf;
				ENABLE_STRICT_OBJC_MSGSEND = YES;
				ENABLE_TESTABILITY = YES;
				GCC_C_LANGUAGE_STANDARD = gnu11;
				GCC_DYNAMIC_NO_PIC = NO;
				GCC_NO_COMMON_BLOCKS = YES;
				GCC_OPTIMIZATION_LEVEL = 0;
				GCC_PREPROCESSOR_DEFINITIONS = (
					"DEBUG=1",
					"$(inherited)",
				);
				GCC_WARN_64_TO_32_BIT_CONVERSION = YES;
				GCC_WARN_ABOUT_RETURN_TYPE = YES_ERROR;
				GCC_WARN_UNDECLARED_SELECTOR = YES;
				GCC_WARN_UNINITIALIZED_AUTOS = YES_AGGRESSIVE;
				GCC_WARN_UNUSED_FUNCTION = YES;
				GCC_WARN_UNUSED_VARIABLE = YES;
				IPHONEOS_DEPLOYMENT_TARGET = 13.4;
				MTL_ENABLE_DEBUG_INFO = INCLUDE_SOURCE;
				MTL_FAST_MATH = YES;
				ONLY_ACTIVE_ARCH = YES;
				SDKROOT = iphoneos;
				SWIFT_ACTIVE_COMPILATION_CONDITIONS = DEBUG;
				SWIFT_OPTIMIZATION_LEVEL = "-Onone";
			};
			name = Debug;
		};
		B670C6AA251F15B2000D6C9A /* Release */ = {
			isa = XCBuildConfiguration;
			buildSettings = {
				ALWAYS_SEARCH_USER_PATHS = NO;
				CLANG_ANALYZER_NONNULL = YES;
				CLANG_ANALYZER_NUMBER_OBJECT_CONVERSION = YES_AGGRESSIVE;
				CLANG_CXX_LANGUAGE_STANDARD = "gnu++14";
				CLANG_CXX_LIBRARY = "libc++";
				CLANG_ENABLE_MODULES = YES;
				CLANG_ENABLE_OBJC_ARC = YES;
				CLANG_ENABLE_OBJC_WEAK = YES;
				CLANG_WARN_BLOCK_CAPTURE_AUTORELEASING = YES;
				CLANG_WARN_BOOL_CONVERSION = YES;
				CLANG_WARN_COMMA = YES;
				CLANG_WARN_CONSTANT_CONVERSION = YES;
				CLANG_WARN_DEPRECATED_OBJC_IMPLEMENTATIONS = YES;
				CLANG_WARN_DIRECT_OBJC_ISA_USAGE = YES_ERROR;
				CLANG_WARN_DOCUMENTATION_COMMENTS = YES;
				CLANG_WARN_EMPTY_BODY = YES;
				CLANG_WARN_ENUM_CONVERSION = YES;
				CLANG_WARN_INFINITE_RECURSION = YES;
				CLANG_WARN_INT_CONVERSION = YES;
				CLANG_WARN_NON_LITERAL_NULL_CONVERSION = YES;
				CLANG_WARN_OBJC_IMPLICIT_RETAIN_SELF = YES;
				CLANG_WARN_OBJC_LITERAL_CONVERSION = YES;
				CLANG_WARN_OBJC_ROOT_CLASS = YES_ERROR;
				CLANG_WARN_RANGE_LOOP_ANALYSIS = YES;
				CLANG_WARN_STRICT_PROTOTYPES = YES;
				CLANG_WARN_SUSPICIOUS_MOVE = YES;
				CLANG_WARN_UNGUARDED_AVAILABILITY = YES_AGGRESSIVE;
				CLANG_WARN_UNREACHABLE_CODE = YES;
				CLANG_WARN__DUPLICATE_METHOD_MATCH = YES;
				COPY_PHASE_STRIP = NO;
				DEBUG_INFORMATION_FORMAT = "dwarf-with-dsym";
				ENABLE_NS_ASSERTIONS = NO;
				ENABLE_STRICT_OBJC_MSGSEND = YES;
				GCC_C_LANGUAGE_STANDARD = gnu11;
				GCC_NO_COMMON_BLOCKS = YES;
				GCC_WARN_64_TO_32_BIT_CONVERSION = YES;
				GCC_WARN_ABOUT_RETURN_TYPE = YES_ERROR;
				GCC_WARN_UNDECLARED_SELECTOR = YES;
				GCC_WARN_UNINITIALIZED_AUTOS = YES_AGGRESSIVE;
				GCC_WARN_UNUSED_FUNCTION = YES;
				GCC_WARN_UNUSED_VARIABLE = YES;
				IPHONEOS_DEPLOYMENT_TARGET = 13.4;
				MTL_ENABLE_DEBUG_INFO = NO;
				MTL_FAST_MATH = YES;
				SDKROOT = iphoneos;
				SWIFT_COMPILATION_MODE = wholemodule;
				SWIFT_OPTIMIZATION_LEVEL = "-O";
				VALIDATE_PRODUCT = YES;
			};
			name = Release;
		};
		B670C6AC251F15B2000D6C9A /* Debug */ = {
			isa = XCBuildConfiguration;
			buildSettings = {
				ASSETCATALOG_COMPILER_APPICON_NAME = AppIcon;
				CODE_SIGN_STYLE = Automatic;
				DEVELOPMENT_TEAM = S5UL6LRMJU;
				INFOPLIST_FILE = "Procreate Test/Info.plist";
				LD_RUNPATH_SEARCH_PATHS = (
					"$(inherited)",
					"@executable_path/Frameworks",
				);
				PRODUCT_BUNDLE_IDENTIFIER = "com.2iins.com.Procreate-Test";
				PRODUCT_NAME = "$(TARGET_NAME)";
				SWIFT_VERSION = 5.0;
				TARGETED_DEVICE_FAMILY = 2;
			};
			name = Debug;
		};
		B670C6AD251F15B2000D6C9A /* Release */ = {
			isa = XCBuildConfiguration;
			buildSettings = {
				ASSETCATALOG_COMPILER_APPICON_NAME = AppIcon;
				CODE_SIGN_STYLE = Automatic;
				DEVELOPMENT_TEAM = S5UL6LRMJU;
				INFOPLIST_FILE = "Procreate Test/Info.plist";
				LD_RUNPATH_SEARCH_PATHS = (
					"$(inherited)",
					"@executable_path/Frameworks",
				);
				PRODUCT_BUNDLE_IDENTIFIER = "com.2iins.com.Procreate-Test";
				PRODUCT_NAME = "$(TARGET_NAME)";
				SWIFT_VERSION = 5.0;
				TARGETED_DEVICE_FAMILY = 2;
			};
			name = Release;
		};
		B670C6AF251F15B2000D6C9A /* Debug */ = {
			isa = XCBuildConfiguration;
			buildSettings = {
				ALWAYS_EMBED_SWIFT_STANDARD_LIBRARIES = YES;
				BUNDLE_LOADER = "$(TEST_HOST)";
				CODE_SIGN_STYLE = Automatic;
				DEVELOPMENT_TEAM = S5UL6LRMJU;
				INFOPLIST_FILE = "Procreate TestTests/Info.plist";
				IPHONEOS_DEPLOYMENT_TARGET = 13.4;
				LD_RUNPATH_SEARCH_PATHS = (
					"$(inherited)",
					"@executable_path/Frameworks",
					"@loader_path/Frameworks",
				);
				PRODUCT_BUNDLE_IDENTIFIER = "com.2iins.com.Procreate-TestTests";
				PRODUCT_NAME = "$(TARGET_NAME)";
				SWIFT_VERSION = 5.0;
				TARGETED_DEVICE_FAMILY = "1,2";
				TEST_HOST = "$(BUILT_PRODUCTS_DIR)/Procreate Test.app/Procreate Test";
			};
			name = Debug;
		};
		B670C6B0251F15B2000D6C9A /* Release */ = {
			isa = XCBuildConfiguration;
			buildSettings = {
				ALWAYS_EMBED_SWIFT_STANDARD_LIBRARIES = YES;
				BUNDLE_LOADER = "$(TEST_HOST)";
				CODE_SIGN_STYLE = Automatic;
				DEVELOPMENT_TEAM = S5UL6LRMJU;
				INFOPLIST_FILE = "Procreate TestTests/Info.plist";
				IPHONEOS_DEPLOYMENT_TARGET = 13.4;
				LD_RUNPATH_SEARCH_PATHS = (
					"$(inherited)",
					"@executable_path/Frameworks",
					"@loader_path/Frameworks",
				);
				PRODUCT_BUNDLE_IDENTIFIER = "com.2iins.com.Procreate-TestTests";
				PRODUCT_NAME = "$(TARGET_NAME)";
				SWIFT_VERSION = 5.0;
				TARGETED_DEVICE_FAMILY = "1,2";
				TEST_HOST = "$(BUILT_PRODUCTS_DIR)/Procreate Test.app/Procreate Test";
			};
			name = Release;
		};
/* End XCBuildConfiguration section */

/* Begin XCConfigurationList section */
		B670C687251F15B0000D6C9A /* Build configuration list for PBXProject "Procreate Test" */ = {
			isa = XCConfigurationList;
			buildConfigurations = (
				B670C6A9251F15B2000D6C9A /* Debug */,
				B670C6AA251F15B2000D6C9A /* Release */,
			);
			defaultConfigurationIsVisible = 0;
			defaultConfigurationName = Release;
		};
		B670C6AB251F15B2000D6C9A /* Build configuration list for PBXNativeTarget "Procreate Test" */ = {
			isa = XCConfigurationList;
			buildConfigurations = (
				B670C6AC251F15B2000D6C9A /* Debug */,
				B670C6AD251F15B2000D6C9A /* Release */,
			);
			defaultConfigurationIsVisible = 0;
			defaultConfigurationName = Release;
		};
		B670C6AE251F15B2000D6C9A /* Build configuration list for PBXNativeTarget "Procreate TestTests" */ = {
			isa = XCConfigurationList;
			buildConfigurations = (
				B670C6AF251F15B2000D6C9A /* Debug */,
				B670C6B0251F15B2000D6C9A /* Release */,
			);
			defaultConfigurationIsVisible = 0;
			defaultConfigurationName = Release;
		};
/* End XCConfigurationList section */
	};
	rootObject = B670C684251F15B0000D6C9A /* Project object */;
}
